PODS:
  - add_to_wallet (0.0.1):
    - Flutter
  - Alamofire (5.9.1)
  - CryptoSwift (1.8.4)
  - device_info_plus (0.0.1):
    - Flutter
  - Flutter (1.0.0)
  - flutter_carplay (1.0.3):
    - Flutter
  - health (12.1.0):
    - Flutter
  - http_certificate_pinning (3.0.0):
    - Alamofire (~> 5.9.0)
    - CryptoSwift
    - Flutter
  - image_picker_ios (0.0.1):
    - Flutter
  - MTBBarcodeScanner (5.0.11)
  - path_provider_foundation (0.0.1):
    - Flutter
    - FlutterMacOS
  - permission_handler_apple (9.3.0):
    - Flutter
  - qr_code_scanner_plus (0.2.6):
    - Flutter
    - MTBBarcodeScanner
  - restart_app (0.0.1):
    - Flutter
  - rive_common (0.0.1):
    - Flutter
  - shared_preferences_foundation (0.0.1):
    - Flutter
    - FlutterMacOS

DEPENDENCIES:
  - add_to_wallet (from `.symlinks/plugins/add_to_wallet/ios`)
  - device_info_plus (from `.symlinks/plugins/device_info_plus/ios`)
  - Flutter (from `Flutter`)
  - flutter_carplay (from `.symlinks/plugins/flutter_carplay/ios`)
  - health (from `.symlinks/plugins/health/ios`)
  - http_certificate_pinning (from `.symlinks/plugins/http_certificate_pinning/ios`)
  - image_picker_ios (from `.symlinks/plugins/image_picker_ios/ios`)
  - path_provider_foundation (from `.symlinks/plugins/path_provider_foundation/darwin`)
  - permission_handler_apple (from `.symlinks/plugins/permission_handler_apple/ios`)
  - qr_code_scanner_plus (from `.symlinks/plugins/qr_code_scanner_plus/ios`)
  - restart_app (from `.symlinks/plugins/restart_app/ios`)
  - rive_common (from `.symlinks/plugins/rive_common/ios`)
  - shared_preferences_foundation (from `.symlinks/plugins/shared_preferences_foundation/darwin`)

SPEC REPOS:
  trunk:
    - Alamofire
    - CryptoSwift
    - MTBBarcodeScanner

EXTERNAL SOURCES:
  add_to_wallet:
    :path: ".symlinks/plugins/add_to_wallet/ios"
  device_info_plus:
    :path: ".symlinks/plugins/device_info_plus/ios"
  Flutter:
    :path: Flutter
  flutter_carplay:
    :path: ".symlinks/plugins/flutter_carplay/ios"
  health:
    :path: ".symlinks/plugins/health/ios"
  http_certificate_pinning:
    :path: ".symlinks/plugins/http_certificate_pinning/ios"
  image_picker_ios:
    :path: ".symlinks/plugins/image_picker_ios/ios"
  path_provider_foundation:
    :path: ".symlinks/plugins/path_provider_foundation/darwin"
  permission_handler_apple:
    :path: ".symlinks/plugins/permission_handler_apple/ios"
  qr_code_scanner_plus:
    :path: ".symlinks/plugins/qr_code_scanner_plus/ios"
  restart_app:
    :path: ".symlinks/plugins/restart_app/ios"
  rive_common:
    :path: ".symlinks/plugins/rive_common/ios"
  shared_preferences_foundation:
    :path: ".symlinks/plugins/shared_preferences_foundation/darwin"

SPEC CHECKSUMS:
  add_to_wallet: a596dca713a9c1f637e1819b93f45051d3d115e2
  Alamofire: f36a35757af4587d8e4f4bfa223ad10be2422b8c
  CryptoSwift: e64e11850ede528a02a0f3e768cec8e9d92ecb90
  device_info_plus: 21fcca2080fbcd348be798aa36c3e5ed849eefbe
  Flutter: e0871f40cf51350855a761d2e70bf5af5b9b5de7
  flutter_carplay: 685d786d5c0815c59a7d7e9203da36520c74abdd
  health: a27e55f6f9682483a8bb8fd280084d025b80b478
  http_certificate_pinning: 133f28ad5c2d1ecda2581dd2d2cd9dc74da59012
  image_picker_ios: 7fe1ff8e34c1790d6fff70a32484959f563a928a
  MTBBarcodeScanner: f453b33c4b7dfe545d8c6484ed744d55671788cb
  path_provider_foundation: 080d55be775b7414fd5a5ef3ac137b97b097e564
  permission_handler_apple: 4ed2196e43d0651e8ff7ca3483a069d469701f2d
  qr_code_scanner_plus: 7e087021bc69873140e0754750eb87d867bed755
  restart_app: 9cda5378aacc5000e3f66ee76a9201534e7d3ecf
  rive_common: dd421daaf9ae69f0125aa761dd96abd278399952
  shared_preferences_foundation: 9e1978ff2562383bd5676f64ec4e9aa8fa06a6f7

PODFILE CHECKSUM: 7bb08e8bd89bec0588bdb44b8f8bbb6ec0b86ee0

COCOAPODS: 1.16.2
